Microsoft Visual Studio Solution File, Format Version 12.00
# Visual Studio Version 17
VisualStudioVersion = 17.0.31903.59
MinimumVisualStudioVersion = 10.0.40219.1
Project("{F184B08F-C81C-45F6-A57F-5ABD9991F28F}") = "ITSupportAssetManagement.Web", "src\ITSupportAssetManagement.Web\ITSupportAssetManagement.Web.vbproj", "{79F52897-0C90-4781-9887-8945706CB4BB}"
EndProject
Global
	GlobalSection(SolutionConfigurationPlatforms) = preSolution
		Debug|Any CPU = Debug|Any CPU
		Release|Any CPU = Release|Any CPU
	EndGlobalSection
	GlobalSection(ProjectConfigurationPlatforms) = postSolution
		{79F52897-0C90-4781-9887-8945706CB4BB}.Debug|Any CPU.ActiveCfg = Debug|Any CPU
		{79F52897-0C90-4781-9887-8945706CB4BB}.Debug|Any CPU.Build.0 = Debug|Any CPU
		{79F52897-0C90-4781-9887-8945706CB4BB}.Release|Any CPU.ActiveCfg = Release|Any CPU
		{79F52897-0C90-4781-9887-8945706CB4BB}.Release|Any CPU.Build.0 = Release|Any CPU
	EndGlobalSection
EndGlobal

